
Microsoft Visual Studio Solution File, Format Version 12.00
# Visual Studio 15
VisualStudioVersion = 15.0.28307.106
MinimumVisualStudioVersion = 10.0.40219.1
Project("{FAE04EC0-301F-11D3-BF4B-00C04F79EFBC}") = "Kuepf.HabrNewsTelegramBot.API", "Kuepf.HabrNewsTelegramBot.API\Kuepf.HabrNewsTelegramBot.API.csproj", "{00A5183D-119B-4A9E-B25A-91F8CF91D63B}"
EndProject
Project("{FAE04EC0-301F-11D3-BF4B-00C04F79EFBC}") = "Kuepf.HabrNewsTelegramBot.Datasource", "Kuepf.HabrNewsTelegramBot.Datasource\Kuepf.HabrNewsTelegramBot.Datasource.csproj", "{C1A8A297-ABD0-428C-9099-5C8AA67D7BBD}"
EndProject
Global
	GlobalSection(SolutionConfigurationPlatforms) = preSolution
		Debug|Any CPU = Debug|Any CPU
		Release|Any CPU = Release|Any CPU
	EndGlobalSection
	GlobalSection(ProjectConfigurationPlatforms) = postSolution
		{00A5183D-119B-4A9E-B25A-91F8CF91D63B}.Debug|Any CPU.ActiveCfg = Debug|Any CPU
		{00A5183D-119B-4A9E-B25A-91F8CF91D63B}.Debug|Any CPU.Build.0 = Debug|Any CPU
		{00A5183D-119B-4A9E-B25A-91F8CF91D63B}.Release|Any CPU.ActiveCfg = Release|Any CPU
		{00A5183D-119B-4A9E-B25A-91F8CF91D63B}.Release|Any CPU.Build.0 = Release|Any CPU
		{C1A8A297-ABD0-428C-9099-5C8AA67D7BBD}.Debug|Any CPU.ActiveCfg = Debug|Any CPU
		{C1A8A297-ABD0-428C-9099-5C8AA67D7BBD}.Debug|Any CPU.Build.0 = Debug|Any CPU
		{C1A8A297-ABD0-428C-9099-5C8AA67D7BBD}.Release|Any CPU.ActiveCfg = Release|Any CPU
		{C1A8A297-ABD0-428C-9099-5C8AA67D7BBD}.Release|Any CPU.Build.0 = Release|Any CPU
	EndGlobalSection
	GlobalSection(SolutionProperties) = preSolution
		HideSolutionNode = FALSE
	EndGlobalSection
	GlobalSection(ExtensibilityGlobals) = postSolution
		SolutionGuid = {ECC72047-7A03-48C0-9C1A-5798ED86D0B7}
	EndGlobalSection
EndGlobal
